
Microsoft Visual Studio Solution File, Format Version 11.00
# Visual Studio 2010
Project("{FAE04EC0-301F-11D3-BF4B-00C04F79EFBC}") = "WavefrontOBJViewer", "WavefrontOBJViewer\WavefrontOBJViewer.csproj", "{E028B740-9EBB-491B-8080-CDED0AAD2F92}"
EndProject
Global
	GlobalSection(SolutionConfigurationPlatforms) = preSolution
		Debug|x86 = Debug|x86
		Release|x86 = Release|x86
	EndGlobalSection
	GlobalSection(ProjectConfigurationPlatforms) = postSolution
		{E028B740-9EBB-491B-8080-CDED0AAD2F92}.Debug|x86.ActiveCfg = Debug|x86
		{E028B740-9EBB-491B-8080-CDED0AAD2F92}.Debug|x86.Build.0 = Debug|x86
		{E028B740-9EBB-491B-8080-CDED0AAD2F92}.Release|x86.ActiveCfg = Release|x86
		{E028B740-9EBB-491B-8080-CDED0AAD2F92}.Release|x86.Build.0 = Release|x86
	EndGlobalSection
	GlobalSection(MonoDevelopProperties) = preSolution
		StartupItem = WavefrontOBJViewer\WavefrontOBJViewer.csproj
		Policies = $0
		$0.TextStylePolicy = $1
		$1.inheritsSet = null
		$1.scope = text/x-csharp
		$0.CSharpFormattingPolicy = $2
		$2.ElseIfNewLinePlacement = SameLine
		$2.AfterDelegateDeclarationParameterComma = True
		$2.inheritsSet = Mono
		$2.inheritsScope = text/x-csharp
		$2.scope = text/x-csharp
		$0.TextStylePolicy = $3
		$3.FileWidth = 120
		$3.TabsToSpaces = False
		$3.NoTabsAfterNonTabs = True
		$3.inheritsSet = VisualStudio
		$3.inheritsScope = text/plain
		$3.scope = text/plain
	EndGlobalSection
EndGlobal
